
Microsoft Visual Studio Solution File, Format Version 12.00
# Visual Studio 15
VisualStudioVersion = 15.0.28010.2016
MinimumVisualStudioVersion = 10.0.40219.1
Project("{FAE04EC0-301F-11D3-BF4B-00C04F79EFBC}") = "VVVID-DOWNLOADER", "VVVID-DOWNLOADER\VVVID-DOWNLOADER.csproj", "{DC6DD64C-088C-4FE0-8FBD-166F8A36DDA7}"
EndProject
Global
	GlobalSection(SolutionConfigurationPlatforms) = preSolution
		Debug|Any CPU = Debug|Any CPU
		Release|Any CPU = Release|Any CPU
	EndGlobalSection
	GlobalSection(ProjectConfigurationPlatforms) = postSolution
		{DC6DD64C-088C-4FE0-8FBD-166F8A36DDA7}.Debug|Any CPU.ActiveCfg = Debug|Any CPU
		{DC6DD64C-088C-4FE0-8FBD-166F8A36DDA7}.Debug|Any CPU.Build.0 = Debug|Any CPU
		{DC6DD64C-088C-4FE0-8FBD-166F8A36DDA7}.Release|Any CPU.ActiveCfg = Release|Any CPU
		{DC6DD64C-088C-4FE0-8FBD-166F8A36DDA7}.Release|Any CPU.Build.0 = Release|Any CPU
	EndGlobalSection
	GlobalSection(SolutionProperties) = preSolution
		HideSolutionNode = FALSE
	EndGlobalSection
	GlobalSection(ExtensibilityGlobals) = postSolution
		SolutionGuid = {067BE857-9667-44F7-AF92-F255EB06872B}
	EndGlobalSection
EndGlobal
